<?xml version="1.0" encoding="utf-8"?>
<Project ToolsVersion="4.0" xmlns="http://schemas.microsoft.com/developer/msbuild/2003">
  <ItemGroup>
    <Filter Include="源文件">
      <UniqueIdentifier>{4FC737F1-C7A5-4376-A066-2A32D752A2FF}</UniqueIdentifier>
      <Extensions>cpp;c;cc;cxx;def;odl;idl;hpj;bat;asm;asmx</Extensions>
    </Filter>
    <Filter Include="头文件">
      <UniqueIdentifier>{93995380-89BD-4b04-88EB-625FBE52EBFB}</UniqueIdentifier>
      <Extensions>h;hh;hpp;hxx;hm;inl;inc;xsd</Extensions>
    </Filter>
    <Filter Include="资源文件">
      <UniqueIdentifier>{67DA6AB6-F800-4c08-8B7A-83BB121AAD01}</UniqueIdentifier>
      <Extensions>rc;ico;cur;bmp;dlg;rc2;rct;bin;rgs;gif;jpg;jpeg;jpe;resx;tiff;tif;png;wav;mfcribbon-ms</Extensions>
    </Filter>
    <Filter Include="nginx">
      <UniqueIdentifier>{89dfe5d0-8acd-4bd0-adec-b4fbf5bcc5da}</UniqueIdentifier>
    </Filter>
    <Filter Include="nginx\core">
      <UniqueIdentifier>{8aea235d-cda9-4f39-8548-38fabf051055}</UniqueIdentifier>
    </Filter>
    <Filter Include="nginx\event">
      <UniqueIdentifier>{14c1eea6-429e-4058-8b59-003fbb13711b}</UniqueIdentifier>
    </Filter>
    <Filter Include="nginx\http">
      <UniqueIdentifier>{9701deec-f199-4251-b4ab-d1a19457b8e3}</UniqueIdentifier>
    </Filter>
    <Filter Include="nginx\mail">
      <UniqueIdentifier>{a3fa7e67-b64d-425d-84d6-488ccf97b13f}</UniqueIdentifier>
    </Filter>
    <Filter Include="nginx\misc">
      <UniqueIdentifier>{b818b286-8a61-48a1-97ac-8b5bc5d51aaf}</UniqueIdentifier>
    </Filter>
    <Filter Include="nginx\os">
      <UniqueIdentifier>{003a752f-7ebc-4faa-98b9-6955772c00c9}</UniqueIdentifier>
    </Filter>
    <Filter Include="nginx\stream">
      <UniqueIdentifier>{068596db-44a8-4895-ae2d-2f2bd8029266}</UniqueIdentifier>
    </Filter>
    <Filter Include="nginx\event\modules">
      <UniqueIdentifier>{4f7a329a-1a91-4930-9c1d-c3733fa02d44}</UniqueIdentifier>
    </Filter>
    <Filter Include="nginx\http\moduels">
      <UniqueIdentifier>{ffcc8f21-6763-4f3b-9140-0463575fa86f}</UniqueIdentifier>
    </Filter>
    <Filter Include="nginx\http\v2">
      <UniqueIdentifier>{a2260b5d-8249-435e-adf4-058db567cd67}</UniqueIdentifier>
    </Filter>
    <Filter Include="nginx\http\moduels\perl">
      <UniqueIdentifier>{2ee14734-3ceb-483c-9e35-0ec4348bc52d}</UniqueIdentifier>
    </Filter>
    <Filter Include="nginx\os\unix">
      <UniqueIdentifier>{cb87249c-2193-4576-9419-df87362b2e8b}</UniqueIdentifier>
    </Filter>
  </ItemGroup>
  <ItemGroup>
    <Text Include="ReadMe.txt" />
  </ItemGroup>
  <ItemGroup>
    <ClInclude Include="stdafx.h">
      <Filter>头文件</Filter>
    </ClInclude>
    <ClInclude Include="targetver.h">
      <Filter>头文件</Filter>
    </ClInclude>
    <ClInclude Include="..\nginx-1.13.0\core\nginx.h">
      <Filter>nginx\core</Filter>
    </ClInclude>
    <ClInclude Include="..\nginx-1.13.0\core\ngx_array.h">
      <Filter>nginx\core</Filter>
    </ClInclude>
    <ClInclude Include="..\nginx-1.13.0\core\ngx_buf.h">
      <Filter>nginx\core</Filter>
    </ClInclude>
    <ClInclude Include="..\nginx-1.13.0\core\ngx_conf_file.h">
      <Filter>nginx\core</Filter>
    </ClInclude>
    <ClInclude Include="..\nginx-1.13.0\core\ngx_config.h">
      <Filter>nginx\core</Filter>
    </ClInclude>
    <ClInclude Include="..\nginx-1.13.0\core\ngx_connection.h">
      <Filter>nginx\core</Filter>
    </ClInclude>
    <ClInclude Include="..\nginx-1.13.0\core\ngx_core.h">
      <Filter>nginx\core</Filter>
    </ClInclude>
    <ClInclude Include="..\nginx-1.13.0\core\ngx_crc.h">
      <Filter>nginx\core</Filter>
    </ClInclude>
    <ClInclude Include="..\nginx-1.13.0\core\ngx_crc32.h">
      <Filter>nginx\core</Filter>
    </ClInclude>
    <ClInclude Include="..\nginx-1.13.0\core\ngx_crypt.h">
      <Filter>nginx\core</Filter>
    </ClInclude>
    <ClInclude Include="..\nginx-1.13.0\core\ngx_cycle.h">
      <Filter>nginx\core</Filter>
    </ClInclude>
    <ClInclude Include="..\nginx-1.13.0\core\ngx_file.h">
      <Filter>nginx\core</Filter>
    </ClInclude>
    <ClInclude Include="..\nginx-1.13.0\core\ngx_hash.h">
      <Filter>nginx\core</Filter>
    </ClInclude>
    <ClInclude Include="..\nginx-1.13.0\core\ngx_inet.h">
      <Filter>nginx\core</Filter>
    </ClInclude>
    <ClInclude Include="..\nginx-1.13.0\core\ngx_list.h">
      <Filter>nginx\core</Filter>
    </ClInclude>
    <ClInclude Include="..\nginx-1.13.0\core\ngx_log.h">
      <Filter>nginx\core</Filter>
    </ClInclude>
    <ClInclude Include="..\nginx-1.13.0\core\ngx_md5.h">
      <Filter>nginx\core</Filter>
    </ClInclude>
    <ClInclude Include="..\nginx-1.13.0\core\ngx_module.h">
      <Filter>nginx\core</Filter>
    </ClInclude>
    <ClInclude Include="..\nginx-1.13.0\core\ngx_murmurhash.h">
      <Filter>nginx\core</Filter>
    </ClInclude>
    <ClInclude Include="..\nginx-1.13.0\core\ngx_open_file_cache.h">
      <Filter>nginx\core</Filter>
    </ClInclude>
    <ClInclude Include="..\nginx-1.13.0\core\ngx_palloc.h">
      <Filter>nginx\core</Filter>
    </ClInclude>
    <ClInclude Include="..\nginx-1.13.0\core\ngx_parse.h">
      <Filter>nginx\core</Filter>
    </ClInclude>
    <ClInclude Include="..\nginx-1.13.0\core\ngx_parse_time.h">
      <Filter>nginx\core</Filter>
    </ClInclude>
    <ClInclude Include="..\nginx-1.13.0\core\ngx_proxy_protocol.h">
      <Filter>nginx\core</Filter>
    </ClInclude>
    <ClInclude Include="..\nginx-1.13.0\core\ngx_queue.h">
      <Filter>nginx\core</Filter>
    </ClInclude>
    <ClInclude Include="..\nginx-1.13.0\core\ngx_radix_tree.h">
      <Filter>nginx\core</Filter>
    </ClInclude>
    <ClInclude Include="..\nginx-1.13.0\core\ngx_rbtree.h">
      <Filter>nginx\core</Filter>
    </ClInclude>
    <ClInclude Include="..\nginx-1.13.0\core\ngx_regex.h">
      <Filter>nginx\core</Filter>
    </ClInclude>
    <ClInclude Include="..\nginx-1.13.0\core\ngx_resolver.h">
      <Filter>nginx\core</Filter>
    </ClInclude>
    <ClInclude Include="..\nginx-1.13.0\core\ngx_rwlock.h">
      <Filter>nginx\core</Filter>
    </ClInclude>
    <ClInclude Include="..\nginx-1.13.0\core\ngx_sha1.h">
      <Filter>nginx\core</Filter>
    </ClInclude>
    <ClInclude Include="..\nginx-1.13.0\core\ngx_shmtx.h">
      <Filter>nginx\core</Filter>
    </ClInclude>
    <ClInclude Include="..\nginx-1.13.0\core\ngx_slab.h">
      <Filter>nginx\core</Filter>
    </ClInclude>
    <ClInclude Include="..\nginx-1.13.0\core\ngx_string.h">
      <Filter>nginx\core</Filter>
    </ClInclude>
    <ClInclude Include="..\nginx-1.13.0\core\ngx_syslog.h">
      <Filter>nginx\core</Filter>
    </ClInclude>
    <ClInclude Include="..\nginx-1.13.0\core\ngx_thread_pool.h">
      <Filter>nginx\core</Filter>
    </ClInclude>
    <ClInclude Include="..\nginx-1.13.0\core\ngx_times.h">
      <Filter>nginx\core</Filter>
    </ClInclude>
    <ClInclude Include="..\nginx-1.13.0\event\ngx_event.h">
      <Filter>nginx\event</Filter>
    </ClInclude>
    <ClInclude Include="..\nginx-1.13.0\event\ngx_event_connect.h">
      <Filter>nginx\event</Filter>
    </ClInclude>
    <ClInclude Include="..\nginx-1.13.0\event\ngx_event_openssl.h">
      <Filter>nginx\event</Filter>
    </ClInclude>
    <ClInclude Include="..\nginx-1.13.0\event\ngx_event_pipe.h">
      <Filter>nginx\event</Filter>
    </ClInclude>
    <ClInclude Include="..\nginx-1.13.0\event\ngx_event_posted.h">
      <Filter>nginx\event</Filter>
    </ClInclude>
    <ClInclude Include="..\nginx-1.13.0\event\ngx_event_timer.h">
      <Filter>nginx\event</Filter>
    </ClInclude>
    <ClInclude Include="..\nginx-1.13.0\http\ngx_http.h">
      <Filter>nginx\http</Filter>
    </ClInclude>
    <ClInclude Include="..\nginx-1.13.0\http\ngx_http_cache.h">
      <Filter>nginx\http</Filter>
    </ClInclude>
    <ClInclude Include="..\nginx-1.13.0\http\ngx_http_config.h">
      <Filter>nginx\http</Filter>
    </ClInclude>
    <ClInclude Include="..\nginx-1.13.0\http\ngx_http_core_module.h">
      <Filter>nginx\http</Filter>
    </ClInclude>
    <ClInclude Include="..\nginx-1.13.0\http\ngx_http_request.h">
      <Filter>nginx\http</Filter>
    </ClInclude>
    <ClInclude Include="..\nginx-1.13.0\http\ngx_http_script.h">
      <Filter>nginx\http</Filter>
    </ClInclude>
    <ClInclude Include="..\nginx-1.13.0\http\ngx_http_upstream.h">
      <Filter>nginx\http</Filter>
    </ClInclude>
    <ClInclude Include="..\nginx-1.13.0\http\ngx_http_upstream_round_robin.h">
      <Filter>nginx\http</Filter>
    </ClInclude>
    <ClInclude Include="..\nginx-1.13.0\http\ngx_http_variables.h">
      <Filter>nginx\http</Filter>
    </ClInclude>
    <ClInclude Include="..\nginx-1.13.0\http\modules\ngx_http_ssi_filter_module.h">
      <Filter>nginx\http\moduels</Filter>
    </ClInclude>
    <ClInclude Include="..\nginx-1.13.0\http\modules\ngx_http_ssl_module.h">
      <Filter>nginx\http\moduels</Filter>
    </ClInclude>
    <ClInclude Include="..\nginx-1.13.0\http\modules\perl\ngx_http_perl_module.h">
      <Filter>nginx\http\moduels\perl</Filter>
    </ClInclude>
    <ClInclude Include="..\nginx-1.13.0\http\v2\ngx_http_v2.h">
      <Filter>nginx\http\v2</Filter>
    </ClInclude>
    <ClInclude Include="..\nginx-1.13.0\http\v2\ngx_http_v2_module.h">
      <Filter>nginx\http\v2</Filter>
    </ClInclude>
    <ClInclude Include="..\nginx-1.13.0\mail\ngx_mail.h">
      <Filter>nginx\mail</Filter>
    </ClInclude>
    <ClInclude Include="..\nginx-1.13.0\mail\ngx_mail_imap_module.h">
      <Filter>nginx\mail</Filter>
    </ClInclude>
    <ClInclude Include="..\nginx-1.13.0\mail\ngx_mail_pop3_module.h">
      <Filter>nginx\mail</Filter>
    </ClInclude>
    <ClInclude Include="..\nginx-1.13.0\mail\ngx_mail_smtp_module.h">
      <Filter>nginx\mail</Filter>
    </ClInclude>
    <ClInclude Include="..\nginx-1.13.0\mail\ngx_mail_ssl_module.h">
      <Filter>nginx\mail</Filter>
    </ClInclude>
    <ClInclude Include="..\nginx-1.13.0\stream\ngx_stream.h">
      <Filter>nginx\stream</Filter>
    </ClInclude>
    <ClInclude Include="..\nginx-1.13.0\stream\ngx_stream_script.h">
      <Filter>nginx\stream</Filter>
    </ClInclude>
    <ClInclude Include="..\nginx-1.13.0\stream\ngx_stream_ssl_module.h">
      <Filter>nginx\stream</Filter>
    </ClInclude>
    <ClInclude Include="..\nginx-1.13.0\stream\ngx_stream_upstream.h">
      <Filter>nginx\stream</Filter>
    </ClInclude>
    <ClInclude Include="..\nginx-1.13.0\stream\ngx_stream_upstream_round_robin.h">
      <Filter>nginx\stream</Filter>
    </ClInclude>
    <ClInclude Include="..\nginx-1.13.0\stream\ngx_stream_variables.h">
      <Filter>nginx\stream</Filter>
    </ClInclude>
    <ClInclude Include="..\nginx-1.13.0\os\unix\ngx_alloc.h">
      <Filter>nginx\os\unix</Filter>
    </ClInclude>
    <ClInclude Include="..\nginx-1.13.0\os\unix\ngx_atomic.h">
      <Filter>nginx\os\unix</Filter>
    </ClInclude>
    <ClInclude Include="..\nginx-1.13.0\os\unix\ngx_channel.h">
      <Filter>nginx\os\unix</Filter>
    </ClInclude>
    <ClInclude Include="..\nginx-1.13.0\os\unix\ngx_darwin.h">
      <Filter>nginx\os\unix</Filter>
    </ClInclude>
    <ClInclude Include="..\nginx-1.13.0\os\unix\ngx_darwin_config.h">
      <Filter>nginx\os\unix</Filter>
    </ClInclude>
    <ClInclude Include="..\nginx-1.13.0\os\unix\ngx_dlopen.h">
      <Filter>nginx\os\unix</Filter>
    </ClInclude>
    <ClInclude Include="..\nginx-1.13.0\os\unix\ngx_errno.h">
      <Filter>nginx\os\unix</Filter>
    </ClInclude>
    <ClInclude Include="..\nginx-1.13.0\os\unix\ngx_files.h">
      <Filter>nginx\os\unix</Filter>
    </ClInclude>
    <ClInclude Include="..\nginx-1.13.0\os\unix\ngx_freebsd.h">
      <Filter>nginx\os\unix</Filter>
    </ClInclude>
    <ClInclude Include="..\nginx-1.13.0\os\unix\ngx_freebsd_config.h">
      <Filter>nginx\os\unix</Filter>
    </ClInclude>
    <ClInclude Include="..\nginx-1.13.0\os\unix\ngx_gcc_atomic_amd64.h">
      <Filter>nginx\os\unix</Filter>
    </ClInclude>
    <ClInclude Include="..\nginx-1.13.0\os\unix\ngx_gcc_atomic_ppc.h">
      <Filter>nginx\os\unix</Filter>
    </ClInclude>
    <ClInclude Include="..\nginx-1.13.0\os\unix\ngx_gcc_atomic_sparc64.h">
      <Filter>nginx\os\unix</Filter>
    </ClInclude>
    <ClInclude Include="..\nginx-1.13.0\os\unix\ngx_gcc_atomic_x86.h">
      <Filter>nginx\os\unix</Filter>
    </ClInclude>
    <ClInclude Include="..\nginx-1.13.0\os\unix\ngx_linux.h">
      <Filter>nginx\os\unix</Filter>
    </ClInclude>
    <ClInclude Include="..\nginx-1.13.0\os\unix\ngx_linux_config.h">
      <Filter>nginx\os\unix</Filter>
    </ClInclude>
    <ClInclude Include="..\nginx-1.13.0\os\unix\ngx_os.h">
      <Filter>nginx\os\unix</Filter>
    </ClInclude>
    <ClInclude Include="..\nginx-1.13.0\os\unix\ngx_posix_config.h">
      <Filter>nginx\os\unix</Filter>
    </ClInclude>
    <ClInclude Include="..\nginx-1.13.0\os\unix\ngx_process.h">
      <Filter>nginx\os\unix</Filter>
    </ClInclude>
    <ClInclude Include="..\nginx-1.13.0\os\unix\ngx_process_cycle.h">
      <Filter>nginx\os\unix</Filter>
    </ClInclude>
    <ClInclude Include="..\nginx-1.13.0\os\unix\ngx_setaffinity.h">
      <Filter>nginx\os\unix</Filter>
    </ClInclude>
    <ClInclude Include="..\nginx-1.13.0\os\unix\ngx_setproctitle.h">
      <Filter>nginx\os\unix</Filter>
    </ClInclude>
    <ClInclude Include="..\nginx-1.13.0\os\unix\ngx_shmem.h">
      <Filter>nginx\os\unix</Filter>
    </ClInclude>
    <ClInclude Include="..\nginx-1.13.0\os\unix\ngx_socket.h">
      <Filter>nginx\os\unix</Filter>
    </ClInclude>
    <ClInclude Include="..\nginx-1.13.0\os\unix\ngx_solaris.h">
      <Filter>nginx\os\unix</Filter>
    </ClInclude>
    <ClInclude Include="..\nginx-1.13.0\os\unix\ngx_solaris_config.h">
      <Filter>nginx\os\unix</Filter>
    </ClInclude>
    <ClInclude Include="..\nginx-1.13.0\os\unix\ngx_sunpro_atomic_sparc64.h">
      <Filter>nginx\os\unix</Filter>
    </ClInclude>
    <ClInclude Include="..\nginx-1.13.0\os\unix\ngx_thread.h">
      <Filter>nginx\os\unix</Filter>
    </ClInclude>
    <ClInclude Include="..\nginx-1.13.0\os\unix\ngx_time.h">
      <Filter>nginx\os\unix</Filter>
    </ClInclude>
    <ClInclude Include="..\nginx-1.13.0\os\unix\ngx_user.h">
      <Filter>nginx\os\unix</Filter>
    </ClInclude>
  </ItemGroup>
  <ItemGroup>
    <ClCompile Include="stdafx.cpp">
      <Filter>源文件</Filter>
    </ClCompile>
    <ClCompile Include="Nginx.cpp">
      <Filter>源文件</Filter>
    </ClCompile>
    <ClCompile Include="..\nginx-1.13.0\core\nginx.c">
      <Filter>nginx\core</Filter>
    </ClCompile>
    <ClCompile Include="..\nginx-1.13.0\core\ngx_array.c">
      <Filter>nginx\core</Filter>
    </ClCompile>
    <ClCompile Include="..\nginx-1.13.0\core\ngx_buf.c">
      <Filter>nginx\core</Filter>
    </ClCompile>
    <ClCompile Include="..\nginx-1.13.0\core\ngx_conf_file.c">
      <Filter>nginx\core</Filter>
    </ClCompile>
    <ClCompile Include="..\nginx-1.13.0\core\ngx_connection.c">
      <Filter>nginx\core</Filter>
    </ClCompile>
    <ClCompile Include="..\nginx-1.13.0\core\ngx_cpuinfo.c">
      <Filter>nginx\core</Filter>
    </ClCompile>
    <ClCompile Include="..\nginx-1.13.0\core\ngx_crc32.c">
      <Filter>nginx\core</Filter>
    </ClCompile>
    <ClCompile Include="..\nginx-1.13.0\core\ngx_crypt.c">
      <Filter>nginx\core</Filter>
    </ClCompile>
    <ClCompile Include="..\nginx-1.13.0\core\ngx_cycle.c">
      <Filter>nginx\core</Filter>
    </ClCompile>
    <ClCompile Include="..\nginx-1.13.0\core\ngx_file.c">
      <Filter>nginx\core</Filter>
    </ClCompile>
    <ClCompile Include="..\nginx-1.13.0\core\ngx_hash.c">
      <Filter>nginx\core</Filter>
    </ClCompile>
    <ClCompile Include="..\nginx-1.13.0\core\ngx_inet.c">
      <Filter>nginx\core</Filter>
    </ClCompile>
    <ClCompile Include="..\nginx-1.13.0\core\ngx_list.c">
      <Filter>nginx\core</Filter>
    </ClCompile>
    <ClCompile Include="..\nginx-1.13.0\core\ngx_log.c">
      <Filter>nginx\core</Filter>
    </ClCompile>
    <ClCompile Include="..\nginx-1.13.0\core\ngx_md5.c">
      <Filter>nginx\core</Filter>
    </ClCompile>
    <ClCompile Include="..\nginx-1.13.0\core\ngx_module.c">
      <Filter>nginx\core</Filter>
    </ClCompile>
    <ClCompile Include="..\nginx-1.13.0\core\ngx_murmurhash.c">
      <Filter>nginx\core</Filter>
    </ClCompile>
    <ClCompile Include="..\nginx-1.13.0\core\ngx_open_file_cache.c">
      <Filter>nginx\core</Filter>
    </ClCompile>
    <ClCompile Include="..\nginx-1.13.0\core\ngx_output_chain.c">
      <Filter>nginx\core</Filter>
    </ClCompile>
    <ClCompile Include="..\nginx-1.13.0\core\ngx_palloc.c">
      <Filter>nginx\core</Filter>
    </ClCompile>
    <ClCompile Include="..\nginx-1.13.0\core\ngx_parse.c">
      <Filter>nginx\core</Filter>
    </ClCompile>
    <ClCompile Include="..\nginx-1.13.0\core\ngx_parse_time.c">
      <Filter>nginx\core</Filter>
    </ClCompile>
    <ClCompile Include="..\nginx-1.13.0\core\ngx_proxy_protocol.c">
      <Filter>nginx\core</Filter>
    </ClCompile>
    <ClCompile Include="..\nginx-1.13.0\core\ngx_queue.c">
      <Filter>nginx\core</Filter>
    </ClCompile>
    <ClCompile Include="..\nginx-1.13.0\core\ngx_radix_tree.c">
      <Filter>nginx\core</Filter>
    </ClCompile>
    <ClCompile Include="..\nginx-1.13.0\core\ngx_rbtree.c">
      <Filter>nginx\core</Filter>
    </ClCompile>
    <ClCompile Include="..\nginx-1.13.0\core\ngx_regex.c">
      <Filter>nginx\core</Filter>
    </ClCompile>
    <ClCompile Include="..\nginx-1.13.0\core\ngx_resolver.c">
      <Filter>nginx\core</Filter>
    </ClCompile>
    <ClCompile Include="..\nginx-1.13.0\core\ngx_rwlock.c">
      <Filter>nginx\core</Filter>
    </ClCompile>
    <ClCompile Include="..\nginx-1.13.0\core\ngx_sha1.c">
      <Filter>nginx\core</Filter>
    </ClCompile>
    <ClCompile Include="..\nginx-1.13.0\core\ngx_shmtx.c">
      <Filter>nginx\core</Filter>
    </ClCompile>
    <ClCompile Include="..\nginx-1.13.0\core\ngx_slab.c">
      <Filter>nginx\core</Filter>
    </ClCompile>
    <ClCompile Include="..\nginx-1.13.0\core\ngx_spinlock.c">
      <Filter>nginx\core</Filter>
    </ClCompile>
    <ClCompile Include="..\nginx-1.13.0\core\ngx_string.c">
      <Filter>nginx\core</Filter>
    </ClCompile>
    <ClCompile Include="..\nginx-1.13.0\core\ngx_syslog.c">
      <Filter>nginx\core</Filter>
    </ClCompile>
    <ClCompile Include="..\nginx-1.13.0\core\ngx_thread_pool.c">
      <Filter>nginx\core</Filter>
    </ClCompile>
    <ClCompile Include="..\nginx-1.13.0\core\ngx_times.c">
      <Filter>nginx\core</Filter>
    </ClCompile>
    <ClCompile Include="..\nginx-1.13.0\event\ngx_event.c">
      <Filter>nginx\event</Filter>
    </ClCompile>
    <ClCompile Include="..\nginx-1.13.0\event\ngx_event_accept.c">
      <Filter>nginx\event</Filter>
    </ClCompile>
    <ClCompile Include="..\nginx-1.13.0\event\ngx_event_connect.c">
      <Filter>nginx\event</Filter>
    </ClCompile>
    <ClCompile Include="..\nginx-1.13.0\event\ngx_event_openssl.c">
      <Filter>nginx\event</Filter>
    </ClCompile>
    <ClCompile Include="..\nginx-1.13.0\event\ngx_event_openssl_stapling.c">
      <Filter>nginx\event</Filter>
    </ClCompile>
    <ClCompile Include="..\nginx-1.13.0\event\ngx_event_pipe.c">
      <Filter>nginx\event</Filter>
    </ClCompile>
    <ClCompile Include="..\nginx-1.13.0\event\ngx_event_posted.c">
      <Filter>nginx\event</Filter>
    </ClCompile>
    <ClCompile Include="..\nginx-1.13.0\event\ngx_event_timer.c">
      <Filter>nginx\event</Filter>
    </ClCompile>
    <ClCompile Include="..\nginx-1.13.0\event\modules\ngx_devpoll_module.c">
      <Filter>nginx\event\modules</Filter>
    </ClCompile>
    <ClCompile Include="..\nginx-1.13.0\event\modules\ngx_epoll_module.c">
      <Filter>nginx\event\modules</Filter>
    </ClCompile>
    <ClCompile Include="..\nginx-1.13.0\event\modules\ngx_eventport_module.c">
      <Filter>nginx\event\modules</Filter>
    </ClCompile>
    <ClCompile Include="..\nginx-1.13.0\event\modules\ngx_kqueue_module.c">
      <Filter>nginx\event\modules</Filter>
    </ClCompile>
    <ClCompile Include="..\nginx-1.13.0\event\modules\ngx_poll_module.c">
      <Filter>nginx\event\modules</Filter>
    </ClCompile>
    <ClCompile Include="..\nginx-1.13.0\event\modules\ngx_select_module.c">
      <Filter>nginx\event\modules</Filter>
    </ClCompile>
    <ClCompile Include="..\nginx-1.13.0\event\modules\ngx_win32_select_module.c">
      <Filter>nginx\event\modules</Filter>
    </ClCompile>
    <ClCompile Include="..\nginx-1.13.0\http\ngx_http.c">
      <Filter>nginx\http</Filter>
    </ClCompile>
    <ClCompile Include="..\nginx-1.13.0\http\ngx_http_copy_filter_module.c">
      <Filter>nginx\http</Filter>
    </ClCompile>
    <ClCompile Include="..\nginx-1.13.0\http\ngx_http_core_module.c">
      <Filter>nginx\http</Filter>
    </ClCompile>
    <ClCompile Include="..\nginx-1.13.0\http\ngx_http_file_cache.c">
      <Filter>nginx\http</Filter>
    </ClCompile>
    <ClCompile Include="..\nginx-1.13.0\http\ngx_http_header_filter_module.c">
      <Filter>nginx\http</Filter>
    </ClCompile>
    <ClCompile Include="..\nginx-1.13.0\http\ngx_http_parse.c">
      <Filter>nginx\http</Filter>
    </ClCompile>
    <ClCompile Include="..\nginx-1.13.0\http\ngx_http_postpone_filter_module.c">
      <Filter>nginx\http</Filter>
    </ClCompile>
    <ClCompile Include="..\nginx-1.13.0\http\ngx_http_request.c">
      <Filter>nginx\http</Filter>
    </ClCompile>
    <ClCompile Include="..\nginx-1.13.0\http\ngx_http_request_body.c">
      <Filter>nginx\http</Filter>
    </ClCompile>
    <ClCompile Include="..\nginx-1.13.0\http\ngx_http_script.c">
      <Filter>nginx\http</Filter>
    </ClCompile>
    <ClCompile Include="..\nginx-1.13.0\http\ngx_http_special_response.c">
      <Filter>nginx\http</Filter>
    </ClCompile>
    <ClCompile Include="..\nginx-1.13.0\http\ngx_http_upstream.c">
      <Filter>nginx\http</Filter>
    </ClCompile>
    <ClCompile Include="..\nginx-1.13.0\http\ngx_http_upstream_round_robin.c">
      <Filter>nginx\http</Filter>
    </ClCompile>
    <ClCompile Include="..\nginx-1.13.0\http\ngx_http_variables.c">
      <Filter>nginx\http</Filter>
    </ClCompile>
    <ClCompile Include="..\nginx-1.13.0\http\ngx_http_write_filter_module.c">
      <Filter>nginx\http</Filter>
    </ClCompile>
    <ClCompile Include="..\nginx-1.13.0\http\modules\ngx_http_access_module.c">
      <Filter>nginx\http\moduels</Filter>
    </ClCompile>
    <ClCompile Include="..\nginx-1.13.0\http\modules\ngx_http_addition_filter_module.c">
      <Filter>nginx\http\moduels</Filter>
    </ClCompile>
    <ClCompile Include="..\nginx-1.13.0\http\modules\ngx_http_auth_basic_module.c">
      <Filter>nginx\http\moduels</Filter>
    </ClCompile>
    <ClCompile Include="..\nginx-1.13.0\http\modules\ngx_http_auth_request_module.c">
      <Filter>nginx\http\moduels</Filter>
    </ClCompile>
    <ClCompile Include="..\nginx-1.13.0\http\modules\ngx_http_autoindex_module.c">
      <Filter>nginx\http\moduels</Filter>
    </ClCompile>
    <ClCompile Include="..\nginx-1.13.0\http\modules\ngx_http_browser_module.c">
      <Filter>nginx\http\moduels</Filter>
    </ClCompile>
    <ClCompile Include="..\nginx-1.13.0\http\modules\ngx_http_charset_filter_module.c">
      <Filter>nginx\http\moduels</Filter>
    </ClCompile>
    <ClCompile Include="..\nginx-1.13.0\http\modules\ngx_http_chunked_filter_module.c">
      <Filter>nginx\http\moduels</Filter>
    </ClCompile>
    <ClCompile Include="..\nginx-1.13.0\http\modules\ngx_http_dav_module.c">
      <Filter>nginx\http\moduels</Filter>
    </ClCompile>
    <ClCompile Include="..\nginx-1.13.0\http\modules\ngx_http_degradation_module.c">
      <Filter>nginx\http\moduels</Filter>
    </ClCompile>
    <ClCompile Include="..\nginx-1.13.0\http\modules\ngx_http_empty_gif_module.c">
      <Filter>nginx\http\moduels</Filter>
    </ClCompile>
    <ClCompile Include="..\nginx-1.13.0\http\modules\ngx_http_fastcgi_module.c">
      <Filter>nginx\http\moduels</Filter>
    </ClCompile>
    <ClCompile Include="..\nginx-1.13.0\http\modules\ngx_http_flv_module.c">
      <Filter>nginx\http\moduels</Filter>
    </ClCompile>
    <ClCompile Include="..\nginx-1.13.0\http\modules\ngx_http_geo_module.c">
      <Filter>nginx\http\moduels</Filter>
    </ClCompile>
    <ClCompile Include="..\nginx-1.13.0\http\modules\ngx_http_geoip_module.c">
      <Filter>nginx\http\moduels</Filter>
    </ClCompile>
    <ClCompile Include="..\nginx-1.13.0\http\modules\ngx_http_gunzip_filter_module.c">
      <Filter>nginx\http\moduels</Filter>
    </ClCompile>
    <ClCompile Include="..\nginx-1.13.0\http\modules\ngx_http_gzip_filter_module.c">
      <Filter>nginx\http\moduels</Filter>
    </ClCompile>
    <ClCompile Include="..\nginx-1.13.0\http\modules\ngx_http_gzip_static_module.c">
      <Filter>nginx\http\moduels</Filter>
    </ClCompile>
    <ClCompile Include="..\nginx-1.13.0\http\modules\ngx_http_headers_filter_module.c">
      <Filter>nginx\http\moduels</Filter>
    </ClCompile>
    <ClCompile Include="..\nginx-1.13.0\http\modules\ngx_http_image_filter_module.c">
      <Filter>nginx\http\moduels</Filter>
    </ClCompile>
    <ClCompile Include="..\nginx-1.13.0\http\modules\ngx_http_index_module.c">
      <Filter>nginx\http\moduels</Filter>
    </ClCompile>
    <ClCompile Include="..\nginx-1.13.0\http\modules\ngx_http_limit_conn_module.c">
      <Filter>nginx\http\moduels</Filter>
    </ClCompile>
    <ClCompile Include="..\nginx-1.13.0\http\modules\ngx_http_limit_req_module.c">
      <Filter>nginx\http\moduels</Filter>
    </ClCompile>
    <ClCompile Include="..\nginx-1.13.0\http\modules\ngx_http_log_module.c">
      <Filter>nginx\http\moduels</Filter>
    </ClCompile>
    <ClCompile Include="..\nginx-1.13.0\http\modules\ngx_http_map_module.c">
      <Filter>nginx\http\moduels</Filter>
    </ClCompile>
    <ClCompile Include="..\nginx-1.13.0\http\modules\ngx_http_memcached_module.c">
      <Filter>nginx\http\moduels</Filter>
    </ClCompile>
    <ClCompile Include="..\nginx-1.13.0\http\modules\ngx_http_mp4_module.c">
      <Filter>nginx\http\moduels</Filter>
    </ClCompile>
    <ClCompile Include="..\nginx-1.13.0\http\modules\ngx_http_not_modified_filter_module.c">
      <Filter>nginx\http\moduels</Filter>
    </ClCompile>
    <ClCompile Include="..\nginx-1.13.0\http\modules\ngx_http_proxy_module.c">
      <Filter>nginx\http\moduels</Filter>
    </ClCompile>
    <ClCompile Include="..\nginx-1.13.0\http\modules\ngx_http_random_index_module.c">
      <Filter>nginx\http\moduels</Filter>
    </ClCompile>
    <ClCompile Include="..\nginx-1.13.0\http\modules\ngx_http_range_filter_module.c">
      <Filter>nginx\http\moduels</Filter>
    </ClCompile>
    <ClCompile Include="..\nginx-1.13.0\http\modules\ngx_http_realip_module.c">
      <Filter>nginx\http\moduels</Filter>
    </ClCompile>
    <ClCompile Include="..\nginx-1.13.0\http\modules\ngx_http_referer_module.c">
      <Filter>nginx\http\moduels</Filter>
    </ClCompile>
    <ClCompile Include="..\nginx-1.13.0\http\modules\ngx_http_rewrite_module.c">
      <Filter>nginx\http\moduels</Filter>
    </ClCompile>
    <ClCompile Include="..\nginx-1.13.0\http\modules\ngx_http_scgi_module.c">
      <Filter>nginx\http\moduels</Filter>
    </ClCompile>
    <ClCompile Include="..\nginx-1.13.0\http\modules\ngx_http_secure_link_module.c">
      <Filter>nginx\http\moduels</Filter>
    </ClCompile>
    <ClCompile Include="..\nginx-1.13.0\http\modules\ngx_http_slice_filter_module.c">
      <Filter>nginx\http\moduels</Filter>
    </ClCompile>
    <ClCompile Include="..\nginx-1.13.0\http\modules\ngx_http_split_clients_module.c">
      <Filter>nginx\http\moduels</Filter>
    </ClCompile>
    <ClCompile Include="..\nginx-1.13.0\http\modules\ngx_http_ssi_filter_module.c">
      <Filter>nginx\http\moduels</Filter>
    </ClCompile>
    <ClCompile Include="..\nginx-1.13.0\http\modules\ngx_http_ssl_module.c">
      <Filter>nginx\http\moduels</Filter>
    </ClCompile>
    <ClCompile Include="..\nginx-1.13.0\http\modules\ngx_http_static_module.c">
      <Filter>nginx\http\moduels</Filter>
    </ClCompile>
    <ClCompile Include="..\nginx-1.13.0\http\modules\ngx_http_stub_status_module.c">
      <Filter>nginx\http\moduels</Filter>
    </ClCompile>
    <ClCompile Include="..\nginx-1.13.0\http\modules\ngx_http_sub_filter_module.c">
      <Filter>nginx\http\moduels</Filter>
    </ClCompile>
    <ClCompile Include="..\nginx-1.13.0\http\modules\ngx_http_upstream_hash_module.c">
      <Filter>nginx\http\moduels</Filter>
    </ClCompile>
    <ClCompile Include="..\nginx-1.13.0\http\modules\ngx_http_upstream_ip_hash_module.c">
      <Filter>nginx\http\moduels</Filter>
    </ClCompile>
    <ClCompile Include="..\nginx-1.13.0\http\modules\ngx_http_upstream_keepalive_module.c">
      <Filter>nginx\http\moduels</Filter>
    </ClCompile>
    <ClCompile Include="..\nginx-1.13.0\http\modules\ngx_http_upstream_least_conn_module.c">
      <Filter>nginx\http\moduels</Filter>
    </ClCompile>
    <ClCompile Include="..\nginx-1.13.0\http\modules\ngx_http_upstream_zone_module.c">
      <Filter>nginx\http\moduels</Filter>
    </ClCompile>
    <ClCompile Include="..\nginx-1.13.0\http\modules\ngx_http_userid_filter_module.c">
      <Filter>nginx\http\moduels</Filter>
    </ClCompile>
    <ClCompile Include="..\nginx-1.13.0\http\modules\ngx_http_uwsgi_module.c">
      <Filter>nginx\http\moduels</Filter>
    </ClCompile>
    <ClCompile Include="..\nginx-1.13.0\http\modules\ngx_http_xslt_filter_module.c">
      <Filter>nginx\http\moduels</Filter>
    </ClCompile>
    <ClCompile Include="..\nginx-1.13.0\http\modules\perl\ngx_http_perl_module.c">
      <Filter>nginx\http\moduels\perl</Filter>
    </ClCompile>
    <ClCompile Include="..\nginx-1.13.0\http\v2\ngx_http_v2.c">
      <Filter>nginx\http\v2</Filter>
    </ClCompile>
    <ClCompile Include="..\nginx-1.13.0\http\v2\ngx_http_v2_filter_module.c">
      <Filter>nginx\http\v2</Filter>
    </ClCompile>
    <ClCompile Include="..\nginx-1.13.0\http\v2\ngx_http_v2_huff_decode.c">
      <Filter>nginx\http\v2</Filter>
    </ClCompile>
    <ClCompile Include="..\nginx-1.13.0\http\v2\ngx_http_v2_huff_encode.c">
      <Filter>nginx\http\v2</Filter>
    </ClCompile>
    <ClCompile Include="..\nginx-1.13.0\http\v2\ngx_http_v2_module.c">
      <Filter>nginx\http\v2</Filter>
    </ClCompile>
    <ClCompile Include="..\nginx-1.13.0\http\v2\ngx_http_v2_table.c">
      <Filter>nginx\http\v2</Filter>
    </ClCompile>
    <ClCompile Include="..\nginx-1.13.0\mail\ngx_mail.c">
      <Filter>nginx\mail</Filter>
    </ClCompile>
    <ClCompile Include="..\nginx-1.13.0\mail\ngx_mail_auth_http_module.c">
      <Filter>nginx\mail</Filter>
    </ClCompile>
    <ClCompile Include="..\nginx-1.13.0\mail\ngx_mail_core_module.c">
      <Filter>nginx\mail</Filter>
    </ClCompile>
    <ClCompile Include="..\nginx-1.13.0\mail\ngx_mail_handler.c">
      <Filter>nginx\mail</Filter>
    </ClCompile>
    <ClCompile Include="..\nginx-1.13.0\mail\ngx_mail_imap_handler.c">
      <Filter>nginx\mail</Filter>
    </ClCompile>
    <ClCompile Include="..\nginx-1.13.0\mail\ngx_mail_imap_module.c">
      <Filter>nginx\mail</Filter>
    </ClCompile>
    <ClCompile Include="..\nginx-1.13.0\mail\ngx_mail_parse.c">
      <Filter>nginx\mail</Filter>
    </ClCompile>
    <ClCompile Include="..\nginx-1.13.0\mail\ngx_mail_pop3_handler.c">
      <Filter>nginx\mail</Filter>
    </ClCompile>
    <ClCompile Include="..\nginx-1.13.0\mail\ngx_mail_pop3_module.c">
      <Filter>nginx\mail</Filter>
    </ClCompile>
    <ClCompile Include="..\nginx-1.13.0\mail\ngx_mail_proxy_module.c">
      <Filter>nginx\mail</Filter>
    </ClCompile>
    <ClCompile Include="..\nginx-1.13.0\mail\ngx_mail_smtp_handler.c">
      <Filter>nginx\mail</Filter>
    </ClCompile>
    <ClCompile Include="..\nginx-1.13.0\mail\ngx_mail_smtp_module.c">
      <Filter>nginx\mail</Filter>
    </ClCompile>
    <ClCompile Include="..\nginx-1.13.0\mail\ngx_mail_ssl_module.c">
      <Filter>nginx\mail</Filter>
    </ClCompile>
    <ClCompile Include="..\nginx-1.13.0\misc\ngx_cpp_test_module.cpp">
      <Filter>nginx\misc</Filter>
    </ClCompile>
    <ClCompile Include="..\nginx-1.13.0\misc\ngx_google_perftools_module.c">
      <Filter>nginx\misc</Filter>
    </ClCompile>
    <ClCompile Include="..\nginx-1.13.0\stream\ngx_stream.c">
      <Filter>nginx\stream</Filter>
    </ClCompile>
    <ClCompile Include="..\nginx-1.13.0\stream\ngx_stream_access_module.c">
      <Filter>nginx\stream</Filter>
    </ClCompile>
    <ClCompile Include="..\nginx-1.13.0\stream\ngx_stream_core_module.c">
      <Filter>nginx\stream</Filter>
    </ClCompile>
    <ClCompile Include="..\nginx-1.13.0\stream\ngx_stream_geo_module.c">
      <Filter>nginx\stream</Filter>
    </ClCompile>
    <ClCompile Include="..\nginx-1.13.0\stream\ngx_stream_geoip_module.c">
      <Filter>nginx\stream</Filter>
    </ClCompile>
    <ClCompile Include="..\nginx-1.13.0\stream\ngx_stream_handler.c">
      <Filter>nginx\stream</Filter>
    </ClCompile>
    <ClCompile Include="..\nginx-1.13.0\stream\ngx_stream_limit_conn_module.c">
      <Filter>nginx\stream</Filter>
    </ClCompile>
    <ClCompile Include="..\nginx-1.13.0\stream\ngx_stream_log_module.c">
      <Filter>nginx\stream</Filter>
    </ClCompile>
    <ClCompile Include="..\nginx-1.13.0\stream\ngx_stream_map_module.c">
      <Filter>nginx\stream</Filter>
    </ClCompile>
    <ClCompile Include="..\nginx-1.13.0\stream\ngx_stream_proxy_module.c">
      <Filter>nginx\stream</Filter>
    </ClCompile>
    <ClCompile Include="..\nginx-1.13.0\stream\ngx_stream_realip_module.c">
      <Filter>nginx\stream</Filter>
    </ClCompile>
    <ClCompile Include="..\nginx-1.13.0\stream\ngx_stream_return_module.c">
      <Filter>nginx\stream</Filter>
    </ClCompile>
    <ClCompile Include="..\nginx-1.13.0\stream\ngx_stream_script.c">
      <Filter>nginx\stream</Filter>
    </ClCompile>
    <ClCompile Include="..\nginx-1.13.0\stream\ngx_stream_split_clients_module.c">
      <Filter>nginx\stream</Filter>
    </ClCompile>
    <ClCompile Include="..\nginx-1.13.0\stream\ngx_stream_ssl_module.c">
      <Filter>nginx\stream</Filter>
    </ClCompile>
    <ClCompile Include="..\nginx-1.13.0\stream\ngx_stream_ssl_preread_module.c">
      <Filter>nginx\stream</Filter>
    </ClCompile>
    <ClCompile Include="..\nginx-1.13.0\stream\ngx_stream_upstream.c">
      <Filter>nginx\stream</Filter>
    </ClCompile>
    <ClCompile Include="..\nginx-1.13.0\stream\ngx_stream_upstream_hash_module.c">
      <Filter>nginx\stream</Filter>
    </ClCompile>
    <ClCompile Include="..\nginx-1.13.0\stream\ngx_stream_upstream_least_conn_module.c">
      <Filter>nginx\stream</Filter>
    </ClCompile>
    <ClCompile Include="..\nginx-1.13.0\stream\ngx_stream_upstream_round_robin.c">
      <Filter>nginx\stream</Filter>
    </ClCompile>
    <ClCompile Include="..\nginx-1.13.0\stream\ngx_stream_upstream_zone_module.c">
      <Filter>nginx\stream</Filter>
    </ClCompile>
    <ClCompile Include="..\nginx-1.13.0\stream\ngx_stream_variables.c">
      <Filter>nginx\stream</Filter>
    </ClCompile>
    <ClCompile Include="..\nginx-1.13.0\stream\ngx_stream_write_filter_module.c">
      <Filter>nginx\stream</Filter>
    </ClCompile>
    <ClCompile Include="..\nginx-1.13.0\os\unix\ngx_alloc.c">
      <Filter>nginx\os\unix</Filter>
    </ClCompile>
    <ClCompile Include="..\nginx-1.13.0\os\unix\ngx_channel.c">
      <Filter>nginx\os\unix</Filter>
    </ClCompile>
    <ClCompile Include="..\nginx-1.13.0\os\unix\ngx_daemon.c">
      <Filter>nginx\os\unix</Filter>
    </ClCompile>
    <ClCompile Include="..\nginx-1.13.0\os\unix\ngx_darwin_init.c">
      <Filter>nginx\os\unix</Filter>
    </ClCompile>
    <ClCompile Include="..\nginx-1.13.0\os\unix\ngx_darwin_sendfile_chain.c">
      <Filter>nginx\os\unix</Filter>
    </ClCompile>
    <ClCompile Include="..\nginx-1.13.0\os\unix\ngx_dlopen.c">
      <Filter>nginx\os\unix</Filter>
    </ClCompile>
    <ClCompile Include="..\nginx-1.13.0\os\unix\ngx_errno.c">
      <Filter>nginx\os\unix</Filter>
    </ClCompile>
    <ClCompile Include="..\nginx-1.13.0\os\unix\ngx_file_aio_read.c">
      <Filter>nginx\os\unix</Filter>
    </ClCompile>
    <ClCompile Include="..\nginx-1.13.0\os\unix\ngx_files.c">
      <Filter>nginx\os\unix</Filter>
    </ClCompile>
    <ClCompile Include="..\nginx-1.13.0\os\unix\ngx_freebsd_init.c">
      <Filter>nginx\os\unix</Filter>
    </ClCompile>
    <ClCompile Include="..\nginx-1.13.0\os\unix\ngx_freebsd_sendfile_chain.c">
      <Filter>nginx\os\unix</Filter>
    </ClCompile>
    <ClCompile Include="..\nginx-1.13.0\os\unix\ngx_linux_aio_read.c">
      <Filter>nginx\os\unix</Filter>
    </ClCompile>
    <ClCompile Include="..\nginx-1.13.0\os\unix\ngx_linux_init.c">
      <Filter>nginx\os\unix</Filter>
    </ClCompile>
    <ClCompile Include="..\nginx-1.13.0\os\unix\ngx_linux_sendfile_chain.c">
      <Filter>nginx\os\unix</Filter>
    </ClCompile>
    <ClCompile Include="..\nginx-1.13.0\os\unix\ngx_posix_init.c">
      <Filter>nginx\os\unix</Filter>
    </ClCompile>
    <ClCompile Include="..\nginx-1.13.0\os\unix\ngx_process.c">
      <Filter>nginx\os\unix</Filter>
    </ClCompile>
    <ClCompile Include="..\nginx-1.13.0\os\unix\ngx_process_cycle.c">
      <Filter>nginx\os\unix</Filter>
    </ClCompile>
    <ClCompile Include="..\nginx-1.13.0\os\unix\ngx_readv_chain.c">
      <Filter>nginx\os\unix</Filter>
    </ClCompile>
    <ClCompile Include="..\nginx-1.13.0\os\unix\ngx_recv.c">
      <Filter>nginx\os\unix</Filter>
    </ClCompile>
    <ClCompile Include="..\nginx-1.13.0\os\unix\ngx_send.c">
      <Filter>nginx\os\unix</Filter>
    </ClCompile>
    <ClCompile Include="..\nginx-1.13.0\os\unix\ngx_setaffinity.c">
      <Filter>nginx\os\unix</Filter>
    </ClCompile>
    <ClCompile Include="..\nginx-1.13.0\os\unix\ngx_setproctitle.c">
      <Filter>nginx\os\unix</Filter>
    </ClCompile>
    <ClCompile Include="..\nginx-1.13.0\os\unix\ngx_shmem.c">
      <Filter>nginx\os\unix</Filter>
    </ClCompile>
    <ClCompile Include="..\nginx-1.13.0\os\unix\ngx_socket.c">
      <Filter>nginx\os\unix</Filter>
    </ClCompile>
    <ClCompile Include="..\nginx-1.13.0\os\unix\ngx_solaris_init.c">
      <Filter>nginx\os\unix</Filter>
    </ClCompile>
    <ClCompile Include="..\nginx-1.13.0\os\unix\ngx_solaris_sendfilev_chain.c">
      <Filter>nginx\os\unix</Filter>
    </ClCompile>
    <ClCompile Include="..\nginx-1.13.0\os\unix\ngx_thread_cond.c">
      <Filter>nginx\os\unix</Filter>
    </ClCompile>
    <ClCompile Include="..\nginx-1.13.0\os\unix\ngx_thread_id.c">
      <Filter>nginx\os\unix</Filter>
    </ClCompile>
    <ClCompile Include="..\nginx-1.13.0\os\unix\ngx_thread_mutex.c">
      <Filter>nginx\os\unix</Filter>
    </ClCompile>
    <ClCompile Include="..\nginx-1.13.0\os\unix\ngx_time.c">
      <Filter>nginx\os\unix</Filter>
    </ClCompile>
    <ClCompile Include="..\nginx-1.13.0\os\unix\ngx_udp_recv.c">
      <Filter>nginx\os\unix</Filter>
    </ClCompile>
    <ClCompile Include="..\nginx-1.13.0\os\unix\ngx_udp_send.c">
      <Filter>nginx\os\unix</Filter>
    </ClCompile>
    <ClCompile Include="..\nginx-1.13.0\os\unix\ngx_udp_sendmsg_chain.c">
      <Filter>nginx\os\unix</Filter>
    </ClCompile>
    <ClCompile Include="..\nginx-1.13.0\os\unix\ngx_user.c">
      <Filter>nginx\os\unix</Filter>
    </ClCompile>
    <ClCompile Include="..\nginx-1.13.0\os\unix\ngx_writev_chain.c">
      <Filter>nginx\os\unix</Filter>
    </ClCompile>
  </ItemGroup>
  <ItemGroup>
    <None Include="..\nginx-1.13.0\os\unix\ngx_sunpro_amd64.il">
      <Filter>nginx\os\unix</Filter>
    </None>
    <None Include="..\nginx-1.13.0\os\unix\ngx_sunpro_sparc64.il">
      <Filter>nginx\os\unix</Filter>
    </None>
    <None Include="..\nginx-1.13.0\os\unix\ngx_sunpro_x86.il">
      <Filter>nginx\os\unix</Filter>
    </None>
  </ItemGroup>
</Project>